lockfileVersion: '9.0'

settings:
  autoInstallPeers: true
  excludeLinksFromLockfile: false

importers:

  .:
    devDependencies:
      prosemirror-model:
        specifier: ^1.19.3
        version: 1.25.4
      prosemirror-state:
        specifier: ^1.4.3
        version: 1.4.4
      prosemirror-view:
        specifier: ^1.32.4
        version: 1.41.6
      typescript:
        specifier: ^5.0.0
        version: 5.9.3

packages:

  orderedmap@2.1.1:
    resolution: {integrity: sha512-TvAWxi0nDe1j/rtMcWcIj94+Ffe6n7zhow33h40SKxmsmozs6dz/e+EajymfoFcHd7sxNn8yHM8839uixMOV6g==}

  prosemirror-model@1.25.4:
    resolution: {integrity: sha512-PIM7E43PBxKce8OQeezAs9j4TP+5yDpZVbuurd1h5phUxEKIu+G2a+EUZzIC5nS1mJktDJWzbqS23n1tsAf5QA==}

  prosemirror-state@1.4.4:
    resolution: {integrity: sha512-6jiYHH2CIGbCfnxdHbXZ12gySFY/fz/ulZE333G6bPqIZ4F+TXo9ifiR86nAHpWnfoNjOb3o5ESi7J8Uz1jXHw==}

  prosemirror-transform@1.11.0:
    resolution: {integrity: sha512-4I7Ce4KpygXb9bkiPS3hTEk4dSHorfRw8uI0pE8IhxlK2GXsqv5tIA7JUSxtSu7u8APVOTtbUBxTmnHIxVkIJw==}

  prosemirror-view@1.41.6:
    resolution: {integrity: sha512-mxpcDG4hNQa/CPtzxjdlir5bJFDlm0/x5nGBbStB2BWX+XOQ9M8ekEG+ojqB5BcVu2Rc80/jssCMZzSstJuSYg==}

  typescript@5.9.3:
    resolution: {integrity: sha512-jl1vZzPDinLr9eUt3J/t7V6FgNEw9QjvBPdysz9KfQDD41fQrC2Y4vKQdiaUpFT4bXlb1RHhLpp8wtm6M5TgSw==}
    engines: {node: '>=14.17'}
    hasBin: true

snapshots:

  orderedmap@2.1.1: {}

  prosemirror-model@1.25.4:
    dependencies:
      orderedmap: 2.1.1

  prosemirror-state@1.4.4:
    dependencies:
      prosemirror-model: 1.25.4
      prosemirror-transform: 1.11.0
      prosemirror-view: 1.41.6

  prosemirror-transform@1.11.0:
    dependencies:
      prosemirror-model: 1.25.4

  prosemirror-view@1.41.6:
    dependencies:
      prosemirror-model: 1.25.4
      prosemirror-state: 1.4.4
      prosemirror-transform: 1.11.0

  typescript@5.9.3: {}
